
Microsoft Visual Studio Solution File, Format Version 12.00
# Visual Studio Version 17
VisualStudioVersion = 17.5.33530.505
MinimumVisualStudioVersion = 10.0.40219.1
Project("{9A19103F-16F7-4668-BE54-9A1E7A4F7556}") = "Dungeon", "DungeonApp\Dungeon.csproj", "{BB6DBB82-278F-4717-98A0-7BCA8A81D281}"
EndProject
Project("{9A19103F-16F7-4668-BE54-9A1E7A4F7556}") = "DungeonLibrary", "DungeonLibrary\DungeonLibrary.csproj", "{8E6E81AC-CEC3-45FC-B85C-6BF561517075}"
EndProject
Project("{2150E333-8FDC-42A3-9474-1A3956D46DE8}") = "Solution Items", "Solution Items", "{9FB1BFEC-9EAB-484B-A2A2-FC542779D05D}"
	ProjectSection(SolutionItems) = preProject
		.editorconfig = .editorconfig
	EndProjectSection
EndProject
Project("{FAE04EC0-301F-11D3-BF4B-00C04F79EFBC}") = "TestProject1", "TestProject1\TestProject1.csproj", "{DF7F2794-E443-41F2-BAA3-6EDCFF528C67}"
EndProject
Global
	GlobalSection(SolutionConfigurationPlatforms) = preSolution
		Debug|Any CPU = Debug|Any CPU
		Release|Any CPU = Release|Any CPU
	EndGlobalSection
	GlobalSection(ProjectConfigurationPlatforms) = postSolution
		{BB6DBB82-278F-4717-98A0-7BCA8A81D281}.Debug|Any CPU.ActiveCfg = Debug|Any CPU
		{BB6DBB82-278F-4717-98A0-7BCA8A81D281}.Debug|Any CPU.Build.0 = Debug|Any CPU
		{BB6DBB82-278F-4717-98A0-7BCA8A81D281}.Release|Any CPU.ActiveCfg = Release|Any CPU
		{BB6DBB82-278F-4717-98A0-7BCA8A81D281}.Release|Any CPU.Build.0 = Release|Any CPU
		{8E6E81AC-CEC3-45FC-B85C-6BF561517075}.Debug|Any CPU.ActiveCfg = Debug|Any CPU
		{8E6E81AC-CEC3-45FC-B85C-6BF561517075}.Debug|Any CPU.Build.0 = Debug|Any CPU
		{8E6E81AC-CEC3-45FC-B85C-6BF561517075}.Release|Any CPU.ActiveCfg = Release|Any CPU
		{8E6E81AC-CEC3-45FC-B85C-6BF561517075}.Release|Any CPU.Build.0 = Release|Any CPU
		{DF7F2794-E443-41F2-BAA3-6EDCFF528C67}.Debug|Any CPU.ActiveCfg = Debug|Any CPU
		{DF7F2794-E443-41F2-BAA3-6EDCFF528C67}.Debug|Any CPU.Build.0 = Debug|Any CPU
		{DF7F2794-E443-41F2-BAA3-6EDCFF528C67}.Release|Any CPU.ActiveCfg = Release|Any CPU
		{DF7F2794-E443-41F2-BAA3-6EDCFF528C67}.Release|Any CPU.Build.0 = Release|Any CPU
	EndGlobalSection
	GlobalSection(SolutionProperties) = preSolution
		HideSolutionNode = FALSE
	EndGlobalSection
	GlobalSection(ExtensibilityGlobals) = postSolution
		SolutionGuid = {03EB21E4-70B1-46B5-8DDE-9252B1C8F548}
	EndGlobalSection
EndGlobal
